// !$*UTF8*$!
{
	archiveVersion = 1;
	classes = {
	};
	objectVersion = 46;
	objects = {

/* Begin PBXBuildFile section */
		DED316121ED3EE4300536C14 /* AppDelegate.swift in Sources */ = {isa = PBXBuildFile; fileRef = DED316111ED3EE4300536C14 /* AppDelegate.swift */; };
		DED316141ED3EE4300536C14 /* ViewController.swift in Sources */ = {isa = PBXBuildFile; fileRef = DED316131ED3EE4300536C14 /* ViewController.swift */; };
		DED316171ED3EE4300536C14 /* Main.storyboard in Resources */ = {isa = PBXBuildFile; fileRef = DED316151ED3EE4300536C14 /* Main.storyboard */; };
		DED316191ED3EE4300536C14 /* Assets.xcassets in Resources */ = {isa = PBXBuildFile; fileRef = DED316181ED3EE4300536C14 /* Assets.xcassets */; };
		DED3161C1ED3EE4300536C14 /* LaunchScreen.storyboard in Resources */ = {isa = PBXBuildFile; fileRef = DED3161A1ED3EE4300536C14 /* LaunchScreen.storyboard */; };
/* End PBXBuildFile section */

/* Begin PBXFileReference section */
		DED3160E1ED3EE4300536C14 /* ugh.app */ = {isa = PBXFileReference; explicitFileType = wrapper.application; includeInIndex = 0; path = ugh.app; sourceTree = BUILT_PRODUCTS_DIR; };
		DED316111ED3EE4300536C14 /* AppDelegate.swift */ = {isa = PBXFileReference; lastKnownFileType = sourcecode.swift; path = AppDelegate.swift; sourceTree = "<group>"; };
		DED316131ED3EE4300536C14 /* ViewController.swift */ = {isa = PBXFileReference; lastKnownFileType = sourcecode.swift; path = ViewController.swift; sourceTree = "<group>"; };
		DED316161ED3EE4300536C14 /* Base */ = {isa = PBXFileReference; lastKnownFileType = file.storyboard; name = Base; path = Base.lproj/Main.storyboard; sourceTree = "<group>"; };
		DED316181ED3EE4300536C14 /* Assets.xcassets */ = {isa = PBXFileReference; lastKnownFileType = folder.assetcatalog; path = Assets.xcassets; sourceTree = "<group>"; };
		DED3161B1ED3EE4300536C14 /* Base */ = {isa = PBXFileReference; lastKnownFileType = file.storyboard; name = Base; path = Base.lproj/LaunchScreen.storyboard; sourceTree = "<group>"; };
		DED3161D1ED3EE4300536C14 /* Info.plist */ = {isa = PBXFileReference; lastKnownFileType = text.plist.xml; path = Info.plist; sourceTree = "<group>"; };
/* End PBXFileReference section */

/* Begin PBXFrameworksBuildPhase section */
		DED3160B1ED3EE4300536C14 /* Frameworks */ = {
			isa = PBXFrameworksBuildPhase;
			buildActionMask = 2147483647;
			files = (
			);
			runOnlyForDeploymentPostprocessing = 0;
		};
/* End PBXFrameworksBuildPhase section */

/* Begin PBXGroup section */
		DED316051ED3EE4300536C14 = {
			isa = PBXGroup;
			children = (
				DED316101ED3EE4300536C14 /* ugh */,
				DED3160F1ED3EE4300536C14 /* Products */,
			);
			sourceTree = "<group>";
		};
		DED3160F1ED3EE4300536C14 /* Products */ = {
			isa = PBXGroup;
			children = (
				DED3160E1ED3EE4300536C14 /* ugh.app */,
			);
			name = Products;
			sourceTree = "<group>";
		};
		DED316101ED3EE4300536C14 /* ugh */ = {
			isa = PBXGroup;
			children = (
				DED316111ED3EE4300536C14 /* AppDelegate.swift */,
				DED316131ED3EE4300536C14 /* ViewController.swift */,
				DED316151ED3EE4300536C14 /* Main.storyboard */,
				DED316181ED3EE4300536C14 /* Assets.xcassets */,
				DED3161A1ED3EE4300536C14 /* LaunchScreen.storyboard */,
				DED3161D1ED3EE4300536C14 /* Info.plist */,
			);
			path = ugh;
			sourceTree = "<group>";
		};
/* End PBXGroup section */

/* Begin PBXNativeTarget section */
		DED3160D1ED3EE4300536C14 /* ugh */ = {
			isa = PBXNativeTarget;
			buildConfigurationList = DED316201ED3EE4300536C14 /* Build configuration list for PBXNativeTarget "ugh" */;
			buildPhases = (
				DED3160A1ED3EE4300536C14 /* Sources */,
				DED3160B1ED3EE4300536C14 /* Frameworks */,
				DED3160C1ED3EE4300536C14 /* Resources */,
			);
			buildRules = (
			);
			dependencies = (
			);
			name = ugh;
			productName = ugh;
			productReference = DED3160E1ED3EE4300536C14 /* ugh.app */;
			productType = "com.apple.product-type.application";
		};
/* End PBXNativeTarget section */

/* Begin PBXProject section */
		DED316061ED3EE4300536C14 /* Project object */ = {
			isa = PBXProject;
			attributes = {
				LastSwiftUpdateCheck = 0830;
				LastUpgradeCheck = 0830;
				ORGANIZATIONNAME = "Carly St.Pierre";
				TargetAttributes = {
					DED3160D1ED3EE4300536C14 = {
						CreatedOnToolsVersion = 8.3.2;
						ProvisioningStyle = Automatic;
					};
				};
			};
			buildConfigurationList = DED316091ED3EE4300536C14 /* Build configuration list for PBXProject "ugh" */;
			compatibilityVersion = "Xcode 3.2";
			developmentRegion = English;
			hasScannedForEncodings = 0;
			knownRegions = (
				en,
				Base,
			);
			mainGroup = DED316051ED3EE4300536C14;
			productRefGroup = DED3160F1ED3EE4300536C14 /* Products */;
			projectDirPath = "";
			projectRoot = "";
			targets = (
				DED3160D1ED3EE4300536C14 /* ugh */,
			);
		};
/* End PBXProject section */

/* Begin PBXResourcesBuildPhase section */
		DED3160C1ED3EE4300536C14 /* Resources */ = {
			isa = PBXResourcesBuildPhase;
			buildActionMask = 2147483647;
			files = (
				DED3161C1ED3EE4300536C14 /* LaunchScreen.storyboard in Resources */,
				DED316191ED3EE4300536C14 /* Assets.xcassets in Resources */,
				DED316171ED3EE4300536C14 /* Main.storyboard in Resources */,
			);
			runOnlyForDeploymentPostprocessing = 0;
		};
/* End PBXResourcesBuildPhase section */

/* Begin PBXSourcesBuildPhase section */
		DED3160A1ED3EE4300536C14 /* Sources */ = {
			isa = PBXSourcesBuildPhase;
			buildActionMask = 2147483647;
			files = (
				DED316141ED3EE4300536C14 /* ViewController.swift in Sources */,
				DED316121ED3EE4300536C14 /* AppDelegate.swift in Sources */,
			);
			runOnlyForDeploymentPostprocessing = 0;
		};
/* End PBXSourcesBuildPhase section */

/* Begin PBXVariantGroup section */
		DED316151ED3EE4300536C14 /* Main.storyboard */ = {
			isa = PBXVariantGroup;
			children = (
				DED316161ED3EE4300536C14 /* Base */,
			);
			name = Main.storyboard;
			sourceTree = "<group>";
		};
		DED3161A1ED3EE4300536C14 /* LaunchScreen.storyboard */ = {
			isa = PBXVariantGroup;
			children = (
				DED3161B1ED3EE4300536C14 /* Base */,
			);
			name = LaunchScreen.storyboard;
			sourceTree = "<group>";
		};
/* End PBXVariantGroup section */

/* Begin XCBuildConfiguration section */
		DED3161E1ED3EE4300536C14 /* Debug */ = {
			isa = XCBuildConfiguration;
			buildSettings = {
				ALWAYS_SEARCH_USER_PATHS = NO;
				CLANG_ANALYZER_NONNULL = YES;
				CLANG_ANALYZER_NUMBER_OBJECT_CONVERSION = YES_AGGRESSIVE;
				CLANG_CXX_LANGUAGE_STANDARD = "gnu++0x";
				CLANG_CXX_LIBRARY = "libc++";
				CLANG_ENABLE_MODULES = YES;
				CLANG_ENABLE_OBJC_ARC = YES;
				CLANG_WARN_BOOL_CONVERSION = YES;
				CLANG_WARN_CONSTANT_CONVERSION = YES;
				CLANG_WARN_DIRECT_OBJC_ISA_USAGE = YES_ERROR;
				CLANG_WARN_DOCUMENTATION_COMMENTS = YES;
				CLANG_WARN_EMPTY_BODY = YES;
				CLANG_WARN_ENUM_CONVERSION = YES;
				CLANG_WARN_INFINITE_RECURSION = YES;
				CLANG_WARN_INT_CONVERSION = YES;
				CLANG_WARN_OBJC_ROOT_CLASS = YES_ERROR;
				CLANG_WARN_SUSPICIOUS_MOVE = YES;
				CLANG_WARN_UNREACHABLE_CODE = YES;
				CLANG_WARN__DUPLICATE_METHOD_MATCH = YES;
				"CODE_SIGN_IDENTITY[sdk=iphoneos*]" = "iPhone Developer";
				COPY_PHASE_STRIP = NO;
				DEBUG_INFORMATION_FORMAT = dwarf;
				ENABLE_STRICT_OBJC_MSGSEND = YES;
				ENABLE_TESTABILITY = YES;
				GCC_C_LANGUAGE_STANDARD = gnu99;
				GCC_DYNAMIC_NO_PIC = NO;
				GCC_NO_COMMON_BLOCKS = YES;
				GCC_OPTIMIZATION_LEVEL = 0;
				GCC_PREPROCESSOR_DEFINITIONS = (
					"DEBUG=1",
					"$(inherited)",
				);
				GCC_WARN_64_TO_32_BIT_CONVERSION = YES;
				GCC_WARN_ABOUT_RETURN_TYPE = YES_ERROR;
				GCC_WARN_UNDECLARED_SELECTOR = YES;
				GCC_WARN_UNINITIALIZED_AUTOS = YES_AGGRESSIVE;
				GCC_WARN_UNUSED_FUNCTION = YES;
				GCC_WARN_UNUSED_VARIABLE = YES;
				IPHONEOS_DEPLOYMENT_TARGET = 10.3;
				MTL_ENABLE_DEBUG_INFO = YES;
				ONLY_ACTIVE_ARCH = YES;
				SDKROOT = iphoneos;
				SWIFT_ACTIVE_COMPILATION_CONDITIONS = DEBUG;
				SWIFT_OPTIMIZATION_LEVEL = "-Onone";
				TARGETED_DEVICE_FAMILY = "1,2";
			};
			name = Debug;
		};
		DED3161F1ED3EE4300536C14 /* Release */ = {
			isa = XCBuildConfiguration;
			buildSettings = {
				ALWAYS_SEARCH_USER_PATHS = NO;
				CLANG_ANALYZER_NONNULL = YES;
				CLANG_ANALYZER_NUMBER_OBJECT_CONVERSION = YES_AGGRESSIVE;
				CLANG_CXX_LANGUAGE_STANDARD = "gnu++0x";
				CLANG_CXX_LIBRARY = "libc++";
				CLANG_ENABLE_MODULES = YES;
				CLANG_ENABLE_OBJC_ARC = YES;
				CLANG_WARN_BOOL_CONVERSION = YES;
				CLANG_WARN_CONSTANT_CONVERSION = YES;
				CLANG_WARN_DIRECT_OBJC_ISA_USAGE = YES_ERROR;
				CLANG_WARN_DOCUMENTATION_COMMENTS = YES;
				CLANG_WARN_EMPTY_BODY = YES;
				CLANG_WARN_ENUM_CONVERSION = YES;
				CLANG_WARN_INFINITE_RECURSION = YES;
				CLANG_WARN_INT_CONVERSION = YES;
				CLANG_WARN_OBJC_ROOT_CLASS = YES_ERROR;
				CLANG_WARN_SUSPICIOUS_MOVE = YES;
				CLANG_WARN_UNREACHABLE_CODE = YES;
				CLANG_WARN__DUPLICATE_METHOD_MATCH = YES;
				"CODE_SIGN_IDENTITY[sdk=iphoneos*]" = "iPhone Developer";
				COPY_PHASE_STRIP = NO;
				DEBUG_INFORMATION_FORMAT = "dwarf-with-dsym";
				ENABLE_NS_ASSERTIONS = NO;
				ENABLE_STRICT_OBJC_MSGSEND = YES;
				GCC_C_LANGUAGE_STANDARD = gnu99;
				GCC_NO_COMMON_BLOCKS = YES;
				GCC_WARN_64_TO_32_BIT_CONVERSION = YES;
				GCC_WARN_ABOUT_RETURN_TYPE = YES_ERROR;
				GCC_WARN_UNDECLARED_SELECTOR = YES;
				GCC_WARN_UNINITIALIZED_AUTOS = YES_AGGRESSIVE;
				GCC_WARN_UNUSED_FUNCTION = YES;
				GCC_WARN_UNUSED_VARIABLE = YES;
				IPHONEOS_DEPLOYMENT_TARGET = 10.3;
				MTL_ENABLE_DEBUG_INFO = NO;
				SDKROOT = iphoneos;
				SWIFT_OPTIMIZATION_LEVEL = "-Owholemodule";
				TARGETED_DEVICE_FAMILY = "1,2";
				VALIDATE_PRODUCT = YES;
			};
			name = Release;
		};
		DED316211ED3EE4300536C14 /* Debug */ = {
			isa = XCBuildConfiguration;
			buildSettings = {
				ASSETCATALOG_COMPILER_APPICON_NAME = AppIcon;
				INFOPLIST_FILE = ugh/Info.plist;
				LD_RUNPATH_SEARCH_PATHS = "$(inherited) @executable_path/Frameworks";
				PRODUCT_BUNDLE_IDENTIFIER = "Carly-StPierre.ugh";
				PRODUCT_NAME = "$(TARGET_NAME)";
				SWIFT_VERSION = 3.0;
			};
			name = Debug;
		};
		DED316221ED3EE4300536C14 /* Release */ = {
			isa = XCBuildConfiguration;
			buildSettings = {
				ASSETCATALOG_COMPILER_APPICON_NAME = AppIcon;
				INFOPLIST_FILE = ugh/Info.plist;
				LD_RUNPATH_SEARCH_PATHS = "$(inherited) @executable_path/Frameworks";
				PRODUCT_BUNDLE_IDENTIFIER = "Carly-StPierre.ugh";
				PRODUCT_NAME = "$(TARGET_NAME)";
				SWIFT_VERSION = 3.0;
			};
			name = Release;
		};
/* End XCBuildConfiguration section */

/* Begin XCConfigurationList section */
		DED316091ED3EE4300536C14 /* Build configuration list for PBXProject "ugh" */ = {
			isa = XCConfigurationList;
			buildConfigurations = (
				DED3161E1ED3EE4300536C14 /* Debug */,
				DED3161F1ED3EE4300536C14 /* Release */,
			);
			defaultConfigurationIsVisible = 0;
			defaultConfigurationName = Release;
		};
		DED316201ED3EE4300536C14 /* Build configuration list for PBXNativeTarget "ugh" */ = {
			isa = XCConfigurationList;
			buildConfigurations = (
				DED316211ED3EE4300536C14 /* Debug */,
				DED316221ED3EE4300536C14 /* Release */,
			);
			defaultConfigurationIsVisible = 0;
		};
/* End XCConfigurationList section */
	};
	rootObject = DED316061ED3EE4300536C14 /* Project object */;
}
